
Microsoft Visual Studio Solution File, Format Version 12.00
# Visual Studio Version 17
VisualStudioVersion = 17.3.32929.385
MinimumVisualStudioVersion = 10.0.40219.1
Project("{FAE04EC0-301F-11D3-BF4B-00C04F79EFBC}") = "Member", "Member\Member.csproj", "{768839E3-FDA4-449A-BA30-7C25DD1ACE49}"
EndProject
Global
	GlobalSection(SolutionConfigurationPlatforms) = preSolution
		Debug|Any CPU = Debug|Any CPU
		Release|Any CPU = Release|Any CPU
	EndGlobalSection
	GlobalSection(ProjectConfigurationPlatforms) = postSolution
		{768839E3-FDA4-449A-BA30-7C25DD1ACE49}.Debug|Any CPU.ActiveCfg = Debug|Any CPU
		{768839E3-FDA4-449A-BA30-7C25DD1ACE49}.Debug|Any CPU.Build.0 = Debug|Any CPU
		{768839E3-FDA4-449A-BA30-7C25DD1ACE49}.Release|Any CPU.ActiveCfg = Release|Any CPU
		{768839E3-FDA4-449A-BA30-7C25DD1ACE49}.Release|Any CPU.Build.0 = Release|Any CPU
	EndGlobalSection
	GlobalSection(SolutionProperties) = preSolution
		HideSolutionNode = FALSE
	EndGlobalSection
	GlobalSection(ExtensibilityGlobals) = postSolution
		SolutionGuid = {85AAAAF4-8ED5-4AD4-8A07-7AB42E09CEBD}
	EndGlobalSection
EndGlobal
